
Microsoft Visual Studio Solution File, Format Version 11.00
# Visual Studio 2010
Project("{D2ABAB84-BF74-430A-B69E-9DC6D40DDA17}") = "ProjectDM", "ProjectDM\ProjectDM.dwproj", "{A1D2920F-BA6D-4E1D-B623-9E34C6731101}"
EndProject
Global
	GlobalSection(SolutionConfigurationPlatforms) = preSolution
		Development|Default = Development|Default
	EndGlobalSection
	GlobalSection(ProjectConfigurationPlatforms) = postSolution
		{A1D2920F-BA6D-4E1D-B623-9E34C6731101}.Development|Default.ActiveCfg = Development
		{A1D2920F-BA6D-4E1D-B623-9E34C6731101}.Development|Default.Build.0 = Development
		{A1D2920F-BA6D-4E1D-B623-9E34C6731101}.Development|Default.Deploy.0 = Development
	EndGlobalSection
	GlobalSection(SolutionProperties) = preSolution
		HideSolutionNode = FALSE
	EndGlobalSection
EndGlobal
