
Microsoft Visual Studio Solution File, Format Version 11.00
# Visual Studio 2010
Project("{159641D6-6404-4A2A-AE62-294DE0FE8301}") = "Adventure_Test_SSIS", "Adventure_Test_SSIS\Adventure_Test_SSIS.dtproj", "{277F57CD-5068-4C4D-AE43-E0468170F6C5}"
EndProject
Global
	GlobalSection(SolutionConfigurationPlatforms) = preSolution
		Development|Default = Development|Default
	EndGlobalSection
	GlobalSection(ProjectConfigurationPlatforms) = postSolution
		{277F57CD-5068-4C4D-AE43-E0468170F6C5}.Development|Default.ActiveCfg = Development
		{277F57CD-5068-4C4D-AE43-E0468170F6C5}.Development|Default.Build.0 = Development
	EndGlobalSection
	GlobalSection(SolutionProperties) = preSolution
		HideSolutionNode = FALSE
	EndGlobalSection
EndGlobal
